
Microsoft Visual Studio Solution File, Format Version 12.00
# Visual Studio Version 17
VisualStudioVersion = 17.13.35825.156
MinimumVisualStudioVersion = 10.0.40219.1
Project("{FAE04EC0-301F-11D3-BF4B-00C04F79EFBC}") = "CleanArch.Application", "CleanArch.Application\CleanArch.Application.csproj", "{513314C4-9DC2-6E9F-516C-FB227F0AAEA4}"
EndProject
Project("{FAE04EC0-301F-11D3-BF4B-00C04F79EFBC}") = "CleanArch.Domain", "CleanArch.Domain\CleanArch.Domain.csproj", "{D1EE7875-D4AB-503D-BCF3-D640DA3B8D59}"
EndProject
Project("{FAE04EC0-301F-11D3-BF4B-00C04F79EFBC}") = "CleanArch.Infra.Data", "CleanArch.Infra.Data\CleanArch.Infra.Data.csproj", "{3850C031-1FA7-0A5B-E134-D209A3211763}"
EndProject
Project("{FAE04EC0-301F-11D3-BF4B-00C04F79EFBC}") = "CleanArch.MVC", "CleanArch.MVC\CleanArch.MVC.csproj", "{F48FBF41-5CD5-697A-382C-977408FB3444}"
EndProject
Project("{FAE04EC0-301F-11D3-BF4B-00C04F79EFBC}") = "CleanArch.Infra.IoC", "CleanArch.Infra.IoC\CleanArch.Infra.IoC.csproj", "{DE373B0D-EDA2-AE1A-EBCF-2F20320150CE}"
EndProject
Global
	GlobalSection(SolutionConfigurationPlatforms) = preSolution
		Debug|Any CPU = Debug|Any CPU
		Release|Any CPU = Release|Any CPU
	EndGlobalSection
	GlobalSection(ProjectConfigurationPlatforms) = postSolution
		{513314C4-9DC2-6E9F-516C-FB227F0AAEA4}.Debug|Any CPU.ActiveCfg = Debug|Any CPU
		{513314C4-9DC2-6E9F-516C-FB227F0AAEA4}.Debug|Any CPU.Build.0 = Debug|Any CPU
		{513314C4-9DC2-6E9F-516C-FB227F0AAEA4}.Release|Any CPU.ActiveCfg = Release|Any CPU
		{513314C4-9DC2-6E9F-516C-FB227F0AAEA4}.Release|Any CPU.Build.0 = Release|Any CPU
		{D1EE7875-D4AB-503D-BCF3-D640DA3B8D59}.Debug|Any CPU.ActiveCfg = Debug|Any CPU
		{D1EE7875-D4AB-503D-BCF3-D640DA3B8D59}.Debug|Any CPU.Build.0 = Debug|Any CPU
		{D1EE7875-D4AB-503D-BCF3-D640DA3B8D59}.Release|Any CPU.ActiveCfg = Release|Any CPU
		{D1EE7875-D4AB-503D-BCF3-D640DA3B8D59}.Release|Any CPU.Build.0 = Release|Any CPU
		{3850C031-1FA7-0A5B-E134-D209A3211763}.Debug|Any CPU.ActiveCfg = Debug|Any CPU
		{3850C031-1FA7-0A5B-E134-D209A3211763}.Debug|Any CPU.Build.0 = Debug|Any CPU
		{3850C031-1FA7-0A5B-E134-D209A3211763}.Release|Any CPU.ActiveCfg = Release|Any CPU
		{3850C031-1FA7-0A5B-E134-D209A3211763}.Release|Any CPU.Build.0 = Release|Any CPU
		{F48FBF41-5CD5-697A-382C-977408FB3444}.Debug|Any CPU.ActiveCfg = Debug|Any CPU
		{F48FBF41-5CD5-697A-382C-977408FB3444}.Debug|Any CPU.Build.0 = Debug|Any CPU
		{F48FBF41-5CD5-697A-382C-977408FB3444}.Release|Any CPU.ActiveCfg = Release|Any CPU
		{F48FBF41-5CD5-697A-382C-977408FB3444}.Release|Any CPU.Build.0 = Release|Any CPU
		{DE373B0D-EDA2-AE1A-EBCF-2F20320150CE}.Debug|Any CPU.ActiveCfg = Debug|Any CPU
		{DE373B0D-EDA2-AE1A-EBCF-2F20320150CE}.Debug|Any CPU.Build.0 = Debug|Any CPU
		{DE373B0D-EDA2-AE1A-EBCF-2F20320150CE}.Release|Any CPU.ActiveCfg = Release|Any CPU
		{DE373B0D-EDA2-AE1A-EBCF-2F20320150CE}.Release|Any CPU.Build.0 = Release|Any CPU
	EndGlobalSection
	GlobalSection(SolutionProperties) = preSolution
		HideSolutionNode = FALSE
	EndGlobalSection
	GlobalSection(ExtensibilityGlobals) = postSolution
		SolutionGuid = {9B34A79B-2C3A-4D4C-9CD2-4872CDCA9351}
	EndGlobalSection
EndGlobal
